
Microsoft Visual Studio Solution File, Format Version 12.00
# Visual Studio Version 17
VisualStudioVersion = 17.11.35327.3
MinimumVisualStudioVersion = 10.0.40219.1
Project("{9A19103F-16F7-4668-BE54-9A1E7A4F7556}") = "BE-template-netcore", "BE-template-netcore\BE-template-netcore.csproj", "{3B997B61-A5C5-4688-8221-0149C28C192F}"
EndProject
Project("{9A19103F-16F7-4668-BE54-9A1E7A4F7556}") = "ENTITIES", "ENTITIES\ENTITIES.csproj", "{82F0CAE4-11E7-42DD-8DA0-556796FCB708}"
EndProject
Project("{FAE04EC0-301F-11D3-BF4B-00C04F79EFBC}") = "MODELS", "MODELS\MODELS.csproj", "{FAF1CE00-79A9-429B-95EF-46B9F5623067}"
EndProject
Project("{FAE04EC0-301F-11D3-BF4B-00C04F79EFBC}") = "REPONSITORY", "REPONSITORY\REPONSITORY.csproj", "{EEDDA8C9-B2ED-4125-96A5-BA45B6ED476A}"
EndProject
Global
	GlobalSection(SolutionConfigurationPlatforms) = preSolution
		Debug|Any CPU = Debug|Any CPU
		Release|Any CPU = Release|Any CPU
	EndGlobalSection
	GlobalSection(ProjectConfigurationPlatforms) = postSolution
		{3B997B61-A5C5-4688-8221-0149C28C192F}.Debug|Any CPU.ActiveCfg = Debug|Any CPU
		{3B997B61-A5C5-4688-8221-0149C28C192F}.Debug|Any CPU.Build.0 = Debug|Any CPU
		{3B997B61-A5C5-4688-8221-0149C28C192F}.Release|Any CPU.ActiveCfg = Release|Any CPU
		{3B997B61-A5C5-4688-8221-0149C28C192F}.Release|Any CPU.Build.0 = Release|Any CPU
		{82F0CAE4-11E7-42DD-8DA0-556796FCB708}.Debug|Any CPU.ActiveCfg = Debug|Any CPU
		{82F0CAE4-11E7-42DD-8DA0-556796FCB708}.Debug|Any CPU.Build.0 = Debug|Any CPU
		{82F0CAE4-11E7-42DD-8DA0-556796FCB708}.Release|Any CPU.ActiveCfg = Release|Any CPU
		{82F0CAE4-11E7-42DD-8DA0-556796FCB708}.Release|Any CPU.Build.0 = Release|Any CPU
		{FAF1CE00-79A9-429B-95EF-46B9F5623067}.Debug|Any CPU.ActiveCfg = Debug|Any CPU
		{FAF1CE00-79A9-429B-95EF-46B9F5623067}.Debug|Any CPU.Build.0 = Debug|Any CPU
		{FAF1CE00-79A9-429B-95EF-46B9F5623067}.Release|Any CPU.ActiveCfg = Release|Any CPU
		{FAF1CE00-79A9-429B-95EF-46B9F5623067}.Release|Any CPU.Build.0 = Release|Any CPU
		{EEDDA8C9-B2ED-4125-96A5-BA45B6ED476A}.Debug|Any CPU.ActiveCfg = Debug|Any CPU
		{EEDDA8C9-B2ED-4125-96A5-BA45B6ED476A}.Debug|Any CPU.Build.0 = Debug|Any CPU
		{EEDDA8C9-B2ED-4125-96A5-BA45B6ED476A}.Release|Any CPU.ActiveCfg = Release|Any CPU
		{EEDDA8C9-B2ED-4125-96A5-BA45B6ED476A}.Release|Any CPU.Build.0 = Release|Any CPU
	EndGlobalSection
	GlobalSection(SolutionProperties) = preSolution
		HideSolutionNode = FALSE
	EndGlobalSection
	GlobalSection(ExtensibilityGlobals) = postSolution
		SolutionGuid = {6D36F844-0E6E-4F31-916B-93A5296475E6}
	EndGlobalSection
EndGlobal
